
Microsoft Visual Studio Solution File, Format Version 12.00
# Visual Studio Version 17
VisualStudioVersion = 17.8.34511.84
MinimumVisualStudioVersion = 10.0.40219.1
Project("{9A19103F-16F7-4668-BE54-9A1E7A4F7556}") = "DevSkill.Inventory.Web", "DevSkill.Inventory.Web\DevSkill.Inventory.Web.csproj", "{6FB69687-B09F-42F9-9981-981C1D10DE44}"
EndProject
Global
	GlobalSection(SolutionConfigurationPlatforms) = preSolution
		Debug|Any CPU = Debug|Any CPU
		Release|Any CPU = Release|Any CPU
	EndGlobalSection
	GlobalSection(ProjectConfigurationPlatforms) = postSolution
		{6FB69687-B09F-42F9-9981-981C1D10DE44}.Debug|Any CPU.ActiveCfg = Debug|Any CPU
		{6FB69687-B09F-42F9-9981-981C1D10DE44}.Debug|Any CPU.Build.0 = Debug|Any CPU
		{6FB69687-B09F-42F9-9981-981C1D10DE44}.Release|Any CPU.ActiveCfg = Release|Any CPU
		{6FB69687-B09F-42F9-9981-981C1D10DE44}.Release|Any CPU.Build.0 = Release|Any CPU
	EndGlobalSection
	GlobalSection(SolutionProperties) = preSolution
		HideSolutionNode = FALSE
	EndGlobalSection
	GlobalSection(ExtensibilityGlobals) = postSolution
		SolutionGuid = {40DD7D33-568B-420B-A68B-F882DD165141}
	EndGlobalSection
EndGlobal
